<?xml version="1.0" encoding="utf-8"?>
<Project ToolsVersion="4.0" xmlns="http://schemas.microsoft.com/developer/msbuild/2003">
  <ItemGroup>
    <Filter Include="Core">
      <UniqueIdentifier>{ed19bfd1-2737-4937-bd55-1dd116669d5a}</UniqueIdentifier>
    </Filter>
  </ItemGroup>
  <ItemGroup>
    <ClCompile Include="MyApplication.cpp" />
    <ClCompile Include="entrypoint.cpp" />
    <ClCompile Include="..\Core\Application.cpp">
      <Filter>Core</Filter>
    </ClCompile>
    <ClCompile Include="..\Core\GameTimer.cpp">
      <Filter>Core</Filter>
    </ClCompile>
  </ItemGroup>
  <ItemGroup>
    <ClInclude Include="MyApplication.h" />
    <ClInclude Include="..\Core\Application.h">
      <Filter>Core</Filter>
    </ClInclude>
    <ClInclude Include="..\Core\GameTimer.h">
      <Filter>Core</Filter>
    </ClInclude>
    <ClInclude Include="..\Core\EngineMinimal.h">
      <Filter>Core</Filter>
    </ClInclude>
    <ClInclude Include="..\Core\Helper.h">
      <Filter>Core</Filter>
    </ClInclude>
  </ItemGroup>
</Project>